
Microsoft Visual Studio Solution File, Format Version 12.00
# Visual Studio Version 17
VisualStudioVersion = 17.0.31912.275
MinimumVisualStudioVersion = 10.0.40219.1
Project("{FAE04EC0-301F-11D3-BF4B-00C04F79EFBC}") = "Camp_Intro", "Camp_Intro\Camp_Intro.csproj", "{CD84100A-3AAB-483F-9827-F0C336FDE637}"
EndProject
Project("{FAE04EC0-301F-11D3-BF4B-00C04F79EFBC}") = "ClassIntro", "ClassIntro\ClassIntro.csproj", "{61EADBFF-9F36-4909-AA22-FD2F2259A215}"
EndProject
Project("{FAE04EC0-301F-11D3-BF4B-00C04F79EFBC}") = "Metotlar", "Metotlar\Metotlar.csproj", "{910BC059-CCB7-47D8-A850-E32461263D2A}"
EndProject
Project("{FAE04EC0-301F-11D3-BF4B-00C04F79EFBC}") = "Matematik", "Matematik\Matematik.csproj", "{06C21501-7A99-4C1A-8490-4D77914B659C}"
EndProject
Project("{FAE04EC0-301F-11D3-BF4B-00C04F79EFBC}") = "DegerVeReferansTipler", "DegerVeReferansTipler\DegerVeReferansTipler.csproj", "{6A7B6AE2-FC6F-4983-A20B-95E04835D432}"
EndProject
Project("{FAE04EC0-301F-11D3-BF4B-00C04F79EFBC}") = "OOP1", "OOP1\OOP1.csproj", "{C6C48551-F475-46F2-830A-CBBC428E6314}"
EndProject
Project("{FAE04EC0-301F-11D3-BF4B-00C04F79EFBC}") = "Collections", "Collections\Collections.csproj", "{7BBC8D34-6DC3-4E56-B456-3A494CB126FD}"
EndProject
Project("{FAE04EC0-301F-11D3-BF4B-00C04F79EFBC}") = "GenericsIntro", "GenericsIntro\GenericsIntro.csproj", "{1362123D-F9F0-4EC8-8CAF-A86D083A531D}"
EndProject
Global
	GlobalSection(SolutionConfigurationPlatforms) = preSolution
		Debug|Any CPU = Debug|Any CPU
		Release|Any CPU = Release|Any CPU
	EndGlobalSection
	GlobalSection(ProjectConfigurationPlatforms) = postSolution
		{CD84100A-3AAB-483F-9827-F0C336FDE637}.Debug|Any CPU.ActiveCfg = Debug|Any CPU
		{CD84100A-3AAB-483F-9827-F0C336FDE637}.Debug|Any CPU.Build.0 = Debug|Any CPU
		{CD84100A-3AAB-483F-9827-F0C336FDE637}.Release|Any CPU.ActiveCfg = Release|Any CPU
		{CD84100A-3AAB-483F-9827-F0C336FDE637}.Release|Any CPU.Build.0 = Release|Any CPU
		{61EADBFF-9F36-4909-AA22-FD2F2259A215}.Debug|Any CPU.ActiveCfg = Debug|Any CPU
		{61EADBFF-9F36-4909-AA22-FD2F2259A215}.Debug|Any CPU.Build.0 = Debug|Any CPU
		{61EADBFF-9F36-4909-AA22-FD2F2259A215}.Release|Any CPU.ActiveCfg = Release|Any CPU
		{61EADBFF-9F36-4909-AA22-FD2F2259A215}.Release|Any CPU.Build.0 = Release|Any CPU
		{910BC059-CCB7-47D8-A850-E32461263D2A}.Debug|Any CPU.ActiveCfg = Debug|Any CPU
		{910BC059-CCB7-47D8-A850-E32461263D2A}.Debug|Any CPU.Build.0 = Debug|Any CPU
		{910BC059-CCB7-47D8-A850-E32461263D2A}.Release|Any CPU.ActiveCfg = Release|Any CPU
		{910BC059-CCB7-47D8-A850-E32461263D2A}.Release|Any CPU.Build.0 = Release|Any CPU
		{06C21501-7A99-4C1A-8490-4D77914B659C}.Debug|Any CPU.ActiveCfg = Debug|Any CPU
		{06C21501-7A99-4C1A-8490-4D77914B659C}.Debug|Any CPU.Build.0 = Debug|Any CPU
		{06C21501-7A99-4C1A-8490-4D77914B659C}.Release|Any CPU.ActiveCfg = Release|Any CPU
		{06C21501-7A99-4C1A-8490-4D77914B659C}.Release|Any CPU.Build.0 = Release|Any CPU
		{6A7B6AE2-FC6F-4983-A20B-95E04835D432}.Debug|Any CPU.ActiveCfg = Debug|Any CPU
		{6A7B6AE2-FC6F-4983-A20B-95E04835D432}.Debug|Any CPU.Build.0 = Debug|Any CPU
		{6A7B6AE2-FC6F-4983-A20B-95E04835D432}.Release|Any CPU.ActiveCfg = Release|Any CPU
		{6A7B6AE2-FC6F-4983-A20B-95E04835D432}.Release|Any CPU.Build.0 = Release|Any CPU
		{C6C48551-F475-46F2-830A-CBBC428E6314}.Debug|Any CPU.ActiveCfg = Debug|Any CPU
		{C6C48551-F475-46F2-830A-CBBC428E6314}.Debug|Any CPU.Build.0 = Debug|Any CPU
		{C6C48551-F475-46F2-830A-CBBC428E6314}.Release|Any CPU.ActiveCfg = Release|Any CPU
		{C6C48551-F475-46F2-830A-CBBC428E6314}.Release|Any CPU.Build.0 = Release|Any CPU
		{7BBC8D34-6DC3-4E56-B456-3A494CB126FD}.Debug|Any CPU.ActiveCfg = Debug|Any CPU
		{7BBC8D34-6DC3-4E56-B456-3A494CB126FD}.Debug|Any CPU.Build.0 = Debug|Any CPU
		{7BBC8D34-6DC3-4E56-B456-3A494CB126FD}.Release|Any CPU.ActiveCfg = Release|Any CPU
		{7BBC8D34-6DC3-4E56-B456-3A494CB126FD}.Release|Any CPU.Build.0 = Release|Any CPU
		{1362123D-F9F0-4EC8-8CAF-A86D083A531D}.Debug|Any CPU.ActiveCfg = Debug|Any CPU
		{1362123D-F9F0-4EC8-8CAF-A86D083A531D}.Debug|Any CPU.Build.0 = Debug|Any CPU
		{1362123D-F9F0-4EC8-8CAF-A86D083A531D}.Release|Any CPU.ActiveCfg = Release|Any CPU
		{1362123D-F9F0-4EC8-8CAF-A86D083A531D}.Release|Any CPU.Build.0 = Release|Any CPU
	EndGlobalSection
	GlobalSection(SolutionProperties) = preSolution
		HideSolutionNode = FALSE
	EndGlobalSection
	GlobalSection(ExtensibilityGlobals) = postSolution
		SolutionGuid = {2D0D4472-D97D-4B96-9D73-055E0ED67FB7}
	EndGlobalSection
EndGlobal
